
Microsoft Visual Studio Solution File, Format Version 12.00
# Visual Studio 15
VisualStudioVersion = 15.0.27130.2010
MinimumVisualStudioVersion = 10.0.40219.1
Project("{FAE04EC0-301F-11D3-BF4B-00C04F79EFBC}") = "Lab16", "Lab16\Lab16.csproj", "{9A124740-A031-4EF9-AA0F-B8A21161E35B}"
EndProject
Global
	GlobalSection(SolutionConfigurationPlatforms) = preSolution
		Debug|Any CPU = Debug|Any CPU
		Release|Any CPU = Release|Any CPU
	EndGlobalSection
	GlobalSection(ProjectConfigurationPlatforms) = postSolution
		{9A124740-A031-4EF9-AA0F-B8A21161E35B}.Debug|Any CPU.ActiveCfg = Debug|Any CPU
		{9A124740-A031-4EF9-AA0F-B8A21161E35B}.Debug|Any CPU.Build.0 = Debug|Any CPU
		{9A124740-A031-4EF9-AA0F-B8A21161E35B}.Release|Any CPU.ActiveCfg = Release|Any CPU
		{9A124740-A031-4EF9-AA0F-B8A21161E35B}.Release|Any CPU.Build.0 = Release|Any CPU
	EndGlobalSection
	GlobalSection(SolutionProperties) = preSolution
		HideSolutionNode = FALSE
	EndGlobalSection
	GlobalSection(ExtensibilityGlobals) = postSolution
		SolutionGuid = {9AED2498-3F95-4FFB-A933-4E191345CC72}
	EndGlobalSection
EndGlobal
