
Microsoft Visual Studio Solution File, Format Version 12.00
# Visual Studio 15
VisualStudioVersion = 15.0.27004.2005
MinimumVisualStudioVersion = 10.0.40219.1
Project("{FAE04EC0-301F-11D3-BF4B-00C04F79EFBC}") = "Lab8", "Lab8\Lab8.csproj", "{A471855E-9917-48F1-9579-6C5496C3420D}"
EndProject
Global
	GlobalSection(SolutionConfigurationPlatforms) = preSolution
		Debug|Any CPU = Debug|Any CPU
		Release|Any CPU = Release|Any CPU
	EndGlobalSection
	GlobalSection(ProjectConfigurationPlatforms) = postSolution
		{A471855E-9917-48F1-9579-6C5496C3420D}.Debug|Any CPU.ActiveCfg = Debug|Any CPU
		{A471855E-9917-48F1-9579-6C5496C3420D}.Debug|Any CPU.Build.0 = Debug|Any CPU
		{A471855E-9917-48F1-9579-6C5496C3420D}.Release|Any CPU.ActiveCfg = Release|Any CPU
		{A471855E-9917-48F1-9579-6C5496C3420D}.Release|Any CPU.Build.0 = Release|Any CPU
	EndGlobalSection
	GlobalSection(SolutionProperties) = preSolution
		HideSolutionNode = FALSE
	EndGlobalSection
	GlobalSection(ExtensibilityGlobals) = postSolution
		SolutionGuid = {1AA5DC4A-9034-4814-9596-0043A692757B}
	EndGlobalSection
EndGlobal
