
Microsoft Visual Studio Solution File, Format Version 12.00
# Visual Studio Version 17
VisualStudioVersion = 17.0.31710.8
MinimumVisualStudioVersion = 10.0.40219.1
Project("{FAE04EC0-301F-11D3-BF4B-00C04F79EFBC}") = "lab3", "lab3.csproj", "{9C1032E3-CFEC-4E3B-BDC8-AEC146C363FE}"
EndProject
Global
	GlobalSection(SolutionConfigurationPlatforms) = preSolution
		Debug|Any CPU = Debug|Any CPU
		Release|Any CPU = Release|Any CPU
	EndGlobalSection
	GlobalSection(ProjectConfigurationPlatforms) = postSolution
		{9C1032E3-CFEC-4E3B-BDC8-AEC146C363FE}.Debug|Any CPU.ActiveCfg = Debug|Any CPU
		{9C1032E3-CFEC-4E3B-BDC8-AEC146C363FE}.Debug|Any CPU.Build.0 = Debug|Any CPU
		{9C1032E3-CFEC-4E3B-BDC8-AEC146C363FE}.Release|Any CPU.ActiveCfg = Release|Any CPU
		{9C1032E3-CFEC-4E3B-BDC8-AEC146C363FE}.Release|Any CPU.Build.0 = Release|Any CPU
	EndGlobalSection
	GlobalSection(SolutionProperties) = preSolution
		HideSolutionNode = FALSE
	EndGlobalSection
	GlobalSection(ExtensibilityGlobals) = postSolution
		SolutionGuid = {3D5529DC-10EC-478A-A709-76F87FFCCDA6}
	EndGlobalSection
EndGlobal
